// !$*UTF8*$!
{
	archiveVersion = 1;
	classes = {
	};
	objectVersion = 56;
	objects = {

/* Begin PBXBuildFile section */
		33494F452AB8BCBB0087C4CD /* AppDelegate.swift in Sources */ = {isa = PBXBuildFile; fileRef = 33494F442AB8BCBB0087C4CD /* AppDelegate.swift */; };
		33494F472AB8BCBB0087C4CD /* SceneDelegate.swift in Sources */ = {isa = PBXBuildFile; fileRef = 33494F462AB8BCBB0087C4CD /* SceneDelegate.swift */; };
		33494F492AB8BCBB0087C4CD /* ViewController.swift in Sources */ = {isa = PBXBuildFile; fileRef = 33494F482AB8BCBB0087C4CD /* ViewController.swift */; };
		33494F4C2AB8BCBB0087C4CD /* Main.storyboard in Resources */ = {isa = PBXBuildFile; fileRef = 33494F4A2AB8BCBB0087C4CD /* Main.storyboard */; };
		33494F4E2AB8BCBC0087C4CD /* Assets.xcassets in Resources */ = {isa = PBXBuildFile; fileRef = 33494F4D2AB8BCBC0087C4CD /* Assets.xcassets */; };
		33494F512AB8BCBC0087C4CD /* LaunchScreen.storyboard in Resources */ = {isa = PBXBuildFile; fileRef = 33494F4F2AB8BCBC0087C4CD /* LaunchScreen.storyboard */; };
		33494F5C2AB8BCBC0087C4CD /* ForeFlightExerciseTests.swift in Sources */ = {isa = PBXBuildFile; fileRef = 33494F5B2AB8BCBC0087C4CD /* ForeFlightExerciseTests.swift */; };
		33494F662AB8BCBC0087C4CD /* ForeFlightExerciseUITests.swift in Sources */ = {isa = PBXBuildFile; fileRef = 33494F652AB8BCBC0087C4CD /* ForeFlightExerciseUITests.swift */; };
		33494F682AB8BCBC0087C4CD /* ForeFlightExerciseUITestsLaunchTests.swift in Sources */ = {isa = PBXBuildFile; fileRef = 33494F672AB8BCBC0087C4CD /* ForeFlightExerciseUITestsLaunchTests.swift */; };
		33494F762AB8C0050087C4CD /* FFAPIController.swift in Sources */ = {isa = PBXBuildFile; fileRef = 33494F752AB8C0050087C4CD /* FFAPIController.swift */; };
		33494F782AB8C1310087C4CD /* WeatherReport.swift in Sources */ = {isa = PBXBuildFile; fileRef = 33494F772AB8C1310087C4CD /* WeatherReport.swift */; };
		33494F7A2AB8C9280087C4CD /* WeatherConditions.swift in Sources */ = {isa = PBXBuildFile; fileRef = 33494F792AB8C9280087C4CD /* WeatherConditions.swift */; };
		33494F802AB8F5140087C4CD /* WeatherForecast.swift in Sources */ = {isa = PBXBuildFile; fileRef = 33494F7F2AB8F5140087C4CD /* WeatherForecast.swift */; };
		33494F822AB901740087C4CD /* .gitignore in Resources */ = {isa = PBXBuildFile; fileRef = 33494F812AB901740087C4CD /* .gitignore */; };
		33494F852AB902F30087C4CD /* FFNavigationViewController.swift in Sources */ = {isa = PBXBuildFile; fileRef = 33494F842AB902F30087C4CD /* FFNavigationViewController.swift */; };
		33494F872AB904770087C4CD /* AirportsTableViewController.swift in Sources */ = {isa = PBXBuildFile; fileRef = 33494F862AB904770087C4CD /* AirportsTableViewController.swift */; };
		33494F8B2AB9070E0087C4CD /* AirportTableViewCell.swift in Sources */ = {isa = PBXBuildFile; fileRef = 33494F892AB9070E0087C4CD /* AirportTableViewCell.swift */; };
		33494F8C2AB9070E0087C4CD /* AirportTableViewCell.xib in Resources */ = {isa = PBXBuildFile; fileRef = 33494F8A2AB9070E0087C4CD /* AirportTableViewCell.xib */; };
		33494F8E2AB915020087C4CD /* DetailsViewController.swift in Sources */ = {isa = PBXBuildFile; fileRef = 33494F8D2AB915020087C4CD /* DetailsViewController.swift */; };
/* End PBXBuildFile section */

/* Begin PBXContainerItemProxy section */
		33494F582AB8BCBC0087C4CD /* PBXContainerItemProxy */ = {
			isa = PBXContainerItemProxy;
			containerPortal = 33494F392AB8BCBB0087C4CD /* Project object */;
			proxyType = 1;
			remoteGlobalIDString = 33494F402AB8BCBB0087C4CD;
			remoteInfo = ForeFlightExercise;
		};
		33494F622AB8BCBC0087C4CD /* PBXContainerItemProxy */ = {
			isa = PBXContainerItemProxy;
			containerPortal = 33494F392AB8BCBB0087C4CD /* Project object */;
			proxyType = 1;
			remoteGlobalIDString = 33494F402AB8BCBB0087C4CD;
			remoteInfo = ForeFlightExercise;
		};
/* End PBXContainerItemProxy section */

/* Begin PBXFileReference section */
		33494F412AB8BCBB0087C4CD /* ForeFlightExercise.app */ = {isa = PBXFileReference; explicitFileType = wrapper.application; includeInIndex = 0; path = ForeFlightExercise.app; sourceTree = BUILT_PRODUCTS_DIR; };
		33494F442AB8BCBB0087C4CD /* AppDelegate.swift */ = {isa = PBXFileReference; lastKnownFileType = sourcecode.swift; path = AppDelegate.swift; sourceTree = "<group>"; };
		33494F462AB8BCBB0087C4CD /* SceneDelegate.swift */ = {isa = PBXFileReference; lastKnownFileType = sourcecode.swift; path = SceneDelegate.swift; sourceTree = "<group>"; };
		33494F482AB8BCBB0087C4CD /* ViewController.swift */ = {isa = PBXFileReference; lastKnownFileType = sourcecode.swift; path = ViewController.swift; sourceTree = "<group>"; };
		33494F4B2AB8BCBB0087C4CD /* Base */ = {isa = PBXFileReference; lastKnownFileType = file.storyboard; name = Base; path = Base.lproj/Main.storyboard; sourceTree = "<group>"; };
		33494F4D2AB8BCBC0087C4CD /* Assets.xcassets */ = {isa = PBXFileReference; lastKnownFileType = folder.assetcatalog; path = Assets.xcassets; sourceTree = "<group>"; };
		33494F502AB8BCBC0087C4CD /* Base */ = {isa = PBXFileReference; lastKnownFileType = file.storyboard; name = Base; path = Base.lproj/LaunchScreen.storyboard; sourceTree = "<group>"; };
		33494F522AB8BCBC0087C4CD /* Info.plist */ = {isa = PBXFileReference; lastKnownFileType = text.plist.xml; path = Info.plist; sourceTree = "<group>"; };
		33494F572AB8BCBC0087C4CD /* ForeFlightExerciseTests.xctest */ = {isa = PBXFileReference; explicitFileType = wrapper.cfbundle; includeInIndex = 0; path = ForeFlightExerciseTests.xctest; sourceTree = BUILT_PRODUCTS_DIR; };
		33494F5B2AB8BCBC0087C4CD /* ForeFlightExerciseTests.swift */ = {isa = PBXFileReference; lastKnownFileType = sourcecode.swift; path = ForeFlightExerciseTests.swift; sourceTree = "<group>"; };
		33494F612AB8BCBC0087C4CD /* ForeFlightExerciseUITests.xctest */ = {isa = PBXFileReference; explicitFileType = wrapper.cfbundle; includeInIndex = 0; path = ForeFlightExerciseUITests.xctest; sourceTree = BUILT_PRODUCTS_DIR; };
		33494F652AB8BCBC0087C4CD /* ForeFlightExerciseUITests.swift */ = {isa = PBXFileReference; lastKnownFileType = sourcecode.swift; path = ForeFlightExerciseUITests.swift; sourceTree = "<group>"; };
		33494F672AB8BCBC0087C4CD /* ForeFlightExerciseUITestsLaunchTests.swift */ = {isa = PBXFileReference; lastKnownFileType = sourcecode.swift; path = ForeFlightExerciseUITestsLaunchTests.swift; sourceTree = "<group>"; };
		33494F752AB8C0050087C4CD /* FFAPIController.swift */ = {isa = PBXFileReference; lastKnownFileType = sourcecode.swift; path = FFAPIController.swift; sourceTree = "<group>"; };
		33494F772AB8C1310087C4CD /* WeatherReport.swift */ = {isa = PBXFileReference; lastKnownFileType = sourcecode.swift; path = WeatherReport.swift; sourceTree = "<group>"; };
		33494F792AB8C9280087C4CD /* WeatherConditions.swift */ = {isa = PBXFileReference; lastKnownFileType = sourcecode.swift; path = WeatherConditions.swift; sourceTree = "<group>"; };
		33494F7E2AB8D9350087C4CD /* README.md */ = {isa = PBXFileReference; lastKnownFileType = net.daringfireball.markdown; path = README.md; sourceTree = SOURCE_ROOT; };
		33494F7F2AB8F5140087C4CD /* WeatherForecast.swift */ = {isa = PBXFileReference; lastKnownFileType = sourcecode.swift; path = WeatherForecast.swift; sourceTree = "<group>"; };
		33494F812AB901740087C4CD /* .gitignore */ = {isa = PBXFileReference; lastKnownFileType = text; path = .gitignore; sourceTree = "<group>"; };
		33494F842AB902F30087C4CD /* FFNavigationViewController.swift */ = {isa = PBXFileReference; lastKnownFileType = sourcecode.swift; path = FFNavigationViewController.swift; sourceTree = "<group>"; };
		33494F862AB904770087C4CD /* AirportsTableViewController.swift */ = {isa = PBXFileReference; lastKnownFileType = sourcecode.swift; path = AirportsTableViewController.swift; sourceTree = "<group>"; };
		33494F892AB9070E0087C4CD /* AirportTableViewCell.swift */ = {isa = PBXFileReference; lastKnownFileType = sourcecode.swift; path = AirportTableViewCell.swift; sourceTree = "<group>"; };
		33494F8A2AB9070E0087C4CD /* AirportTableViewCell.xib */ = {isa = PBXFileReference; lastKnownFileType = file.xib; path = AirportTableViewCell.xib; sourceTree = "<group>"; };
		33494F8D2AB915020087C4CD /* DetailsViewController.swift */ = {isa = PBXFileReference; lastKnownFileType = sourcecode.swift; path = DetailsViewController.swift; sourceTree = "<group>"; };
/* End PBXFileReference section */

/* Begin PBXFrameworksBuildPhase section */
		33494F3E2AB8BCBB0087C4CD /* Frameworks */ = {
			isa = PBXFrameworksBuildPhase;
			buildActionMask = 2147483647;
			files = (
			);
			runOnlyForDeploymentPostprocessing = 0;
		};
		33494F542AB8BCBC0087C4CD /* Frameworks */ = {
			isa = PBXFrameworksBuildPhase;
			buildActionMask = 2147483647;
			files = (
			);
			runOnlyForDeploymentPostprocessing = 0;
		};
		33494F5E2AB8BCBC0087C4CD /* Frameworks */ = {
			isa = PBXFrameworksBuildPhase;
			buildActionMask = 2147483647;
			files = (
			);
			runOnlyForDeploymentPostprocessing = 0;
		};
/* End PBXFrameworksBuildPhase section */

/* Begin PBXGroup section */
		33494F382AB8BCBB0087C4CD = {
			isa = PBXGroup;
			children = (
				33494F812AB901740087C4CD /* .gitignore */,
				33494F7E2AB8D9350087C4CD /* README.md */,
				33494F432AB8BCBB0087C4CD /* ForeFlightExercise */,
				33494F5A2AB8BCBC0087C4CD /* ForeFlightExerciseTests */,
				33494F642AB8BCBC0087C4CD /* ForeFlightExerciseUITests */,
				33494F422AB8BCBB0087C4CD /* Products */,
			);
			sourceTree = "<group>";
		};
		33494F422AB8BCBB0087C4CD /* Products */ = {
			isa = PBXGroup;
			children = (
				33494F412AB8BCBB0087C4CD /* ForeFlightExercise.app */,
				33494F572AB8BCBC0087C4CD /* ForeFlightExerciseTests.xctest */,
				33494F612AB8BCBC0087C4CD /* ForeFlightExerciseUITests.xctest */,
			);
			name = Products;
			sourceTree = "<group>";
		};
		33494F432AB8BCBB0087C4CD /* ForeFlightExercise */ = {
			isa = PBXGroup;
			children = (
				33494F882AB906F50087C4CD /* Views */,
				33494F832AB9029D0087C4CD /* ViewControllers */,
				33494F742AB8BFCB0087C4CD /* Network */,
				33494F442AB8BCBB0087C4CD /* AppDelegate.swift */,
				33494F462AB8BCBB0087C4CD /* SceneDelegate.swift */,
				33494F482AB8BCBB0087C4CD /* ViewController.swift */,
				33494F4A2AB8BCBB0087C4CD /* Main.storyboard */,
				33494F4D2AB8BCBC0087C4CD /* Assets.xcassets */,
				33494F4F2AB8BCBC0087C4CD /* LaunchScreen.storyboard */,
				33494F522AB8BCBC0087C4CD /* Info.plist */,
			);
			path = ForeFlightExercise;
			sourceTree = "<group>";
		};
		33494F5A2AB8BCBC0087C4CD /* ForeFlightExerciseTests */ = {
			isa = PBXGroup;
			children = (
				33494F5B2AB8BCBC0087C4CD /* ForeFlightExerciseTests.swift */,
			);
			path = ForeFlightExerciseTests;
			sourceTree = "<group>";
		};
		33494F642AB8BCBC0087C4CD /* ForeFlightExerciseUITests */ = {
			isa = PBXGroup;
			children = (
				33494F652AB8BCBC0087C4CD /* ForeFlightExerciseUITests.swift */,
				33494F672AB8BCBC0087C4CD /* ForeFlightExerciseUITestsLaunchTests.swift */,
			);
			path = ForeFlightExerciseUITests;
			sourceTree = "<group>";
		};
		33494F742AB8BFCB0087C4CD /* Network */ = {
			isa = PBXGroup;
			children = (
				33494F7B2AB8C9300087C4CD /* Models */,
				33494F752AB8C0050087C4CD /* FFAPIController.swift */,
			);
			path = Network;
			sourceTree = "<group>";
		};
		33494F7B2AB8C9300087C4CD /* Models */ = {
			isa = PBXGroup;
			children = (
				33494F772AB8C1310087C4CD /* WeatherReport.swift */,
				33494F792AB8C9280087C4CD /* WeatherConditions.swift */,
				33494F7F2AB8F5140087C4CD /* WeatherForecast.swift */,
			);
			path = Models;
			sourceTree = "<group>";
		};
		33494F832AB9029D0087C4CD /* ViewControllers */ = {
			isa = PBXGroup;
			children = (
				33494F842AB902F30087C4CD /* FFNavigationViewController.swift */,
				33494F862AB904770087C4CD /* AirportsTableViewController.swift */,
				33494F8D2AB915020087C4CD /* DetailsViewController.swift */,
			);
			path = ViewControllers;
			sourceTree = "<group>";
		};
		33494F882AB906F50087C4CD /* Views */ = {
			isa = PBXGroup;
			children = (
				33494F892AB9070E0087C4CD /* AirportTableViewCell.swift */,
				33494F8A2AB9070E0087C4CD /* AirportTableViewCell.xib */,
			);
			path = Views;
			sourceTree = "<group>";
		};
/* End PBXGroup section */

/* Begin PBXNativeTarget section */
		33494F402AB8BCBB0087C4CD /* ForeFlightExercise */ = {
			isa = PBXNativeTarget;
			buildConfigurationList = 33494F6B2AB8BCBC0087C4CD /* Build configuration list for PBXNativeTarget "ForeFlightExercise" */;
			buildPhases = (
				33494F3D2AB8BCBB0087C4CD /* Sources */,
				33494F3E2AB8BCBB0087C4CD /* Frameworks */,
				33494F3F2AB8BCBB0087C4CD /* Resources */,
			);
			buildRules = (
			);
			dependencies = (
			);
			name = ForeFlightExercise;
			productName = ForeFlightExercise;
			productReference = 33494F412AB8BCBB0087C4CD /* ForeFlightExercise.app */;
			productType = "com.apple.product-type.application";
		};
		33494F562AB8BCBC0087C4CD /* ForeFlightExerciseTests */ = {
			isa = PBXNativeTarget;
			buildConfigurationList = 33494F6E2AB8BCBC0087C4CD /* Build configuration list for PBXNativeTarget "ForeFlightExerciseTests" */;
			buildPhases = (
				33494F532AB8BCBC0087C4CD /* Sources */,
				33494F542AB8BCBC0087C4CD /* Frameworks */,
				33494F552AB8BCBC0087C4CD /* Resources */,
			);
			buildRules = (
			);
			dependencies = (
				33494F592AB8BCBC0087C4CD /* PBXTargetDependency */,
			);
			name = ForeFlightExerciseTests;
			productName = ForeFlightExerciseTests;
			productReference = 33494F572AB8BCBC0087C4CD /* ForeFlightExerciseTests.xctest */;
			productType = "com.apple.product-type.bundle.unit-test";
		};
		33494F602AB8BCBC0087C4CD /* ForeFlightExerciseUITests */ = {
			isa = PBXNativeTarget;
			buildConfigurationList = 33494F712AB8BCBC0087C4CD /* Build configuration list for PBXNativeTarget "ForeFlightExerciseUITests" */;
			buildPhases = (
				33494F5D2AB8BCBC0087C4CD /* Sources */,
				33494F5E2AB8BCBC0087C4CD /* Frameworks */,
				33494F5F2AB8BCBC0087C4CD /* Resources */,
			);
			buildRules = (
			);
			dependencies = (
				33494F632AB8BCBC0087C4CD /* PBXTargetDependency */,
			);
			name = ForeFlightExerciseUITests;
			productName = ForeFlightExerciseUITests;
			productReference = 33494F612AB8BCBC0087C4CD /* ForeFlightExerciseUITests.xctest */;
			productType = "com.apple.product-type.bundle.ui-testing";
		};
/* End PBXNativeTarget section */

/* Begin PBXProject section */
		33494F392AB8BCBB0087C4CD /* Project object */ = {
			isa = PBXProject;
			attributes = {
				BuildIndependentTargetsInParallel = 1;
				LastSwiftUpdateCheck = 1430;
				LastUpgradeCheck = 1430;
				TargetAttributes = {
					33494F402AB8BCBB0087C4CD = {
						CreatedOnToolsVersion = 14.3.1;
					};
					33494F562AB8BCBC0087C4CD = {
						CreatedOnToolsVersion = 14.3.1;
						TestTargetID = 33494F402AB8BCBB0087C4CD;
					};
					33494F602AB8BCBC0087C4CD = {
						CreatedOnToolsVersion = 14.3.1;
						TestTargetID = 33494F402AB8BCBB0087C4CD;
					};
				};
			};
			buildConfigurationList = 33494F3C2AB8BCBB0087C4CD /* Build configuration list for PBXProject "ForeFlightExercise" */;
			compatibilityVersion = "Xcode 14.0";
			developmentRegion = en;
			hasScannedForEncodings = 0;
			knownRegions = (
				en,
				Base,
			);
			mainGroup = 33494F382AB8BCBB0087C4CD;
			productRefGroup = 33494F422AB8BCBB0087C4CD /* Products */;
			projectDirPath = "";
			projectRoot = "";
			targets = (
				33494F402AB8BCBB0087C4CD /* ForeFlightExercise */,
				33494F562AB8BCBC0087C4CD /* ForeFlightExerciseTests */,
				33494F602AB8BCBC0087C4CD /* ForeFlightExerciseUITests */,
			);
		};
/* End PBXProject section */

/* Begin PBXResourcesBuildPhase section */
		33494F3F2AB8BCBB0087C4CD /* Resources */ = {
			isa = PBXResourcesBuildPhase;
			buildActionMask = 2147483647;
			files = (
				33494F822AB901740087C4CD /* .gitignore in Resources */,
				33494F8C2AB9070E0087C4CD /* AirportTableViewCell.xib in Resources */,
				33494F512AB8BCBC0087C4CD /* LaunchScreen.storyboard in Resources */,
				33494F4E2AB8BCBC0087C4CD /* Assets.xcassets in Resources */,
				33494F4C2AB8BCBB0087C4CD /* Main.storyboard in Resources */,
			);
			runOnlyForDeploymentPostprocessing = 0;
		};
		33494F552AB8BCBC0087C4CD /* Resources */ = {
			isa = PBXResourcesBuildPhase;
			buildActionMask = 2147483647;
			files = (
			);
			runOnlyForDeploymentPostprocessing = 0;
		};
		33494F5F2AB8BCBC0087C4CD /* Resources */ = {
			isa = PBXResourcesBuildPhase;
			buildActionMask = 2147483647;
			files = (
			);
			runOnlyForDeploymentPostprocessing = 0;
		};
/* End PBXResourcesBuildPhase section */

/* Begin PBXSourcesBuildPhase section */
		33494F3D2AB8BCBB0087C4CD /* Sources */ = {
			isa = PBXSourcesBuildPhase;
			buildActionMask = 2147483647;
			files = (
				33494F492AB8BCBB0087C4CD /* ViewController.swift in Sources */,
				33494F802AB8F5140087C4CD /* WeatherForecast.swift in Sources */,
				33494F452AB8BCBB0087C4CD /* AppDelegate.swift in Sources */,
				33494F8E2AB915020087C4CD /* DetailsViewController.swift in Sources */,
				33494F7A2AB8C9280087C4CD /* WeatherConditions.swift in Sources */,
				33494F852AB902F30087C4CD /* FFNavigationViewController.swift in Sources */,
				33494F762AB8C0050087C4CD /* FFAPIController.swift in Sources */,
				33494F472AB8BCBB0087C4CD /* SceneDelegate.swift in Sources */,
				33494F8B2AB9070E0087C4CD /* AirportTableViewCell.swift in Sources */,
				33494F872AB904770087C4CD /* AirportsTableViewController.swift in Sources */,
				33494F782AB8C1310087C4CD /* WeatherReport.swift in Sources */,
			);
			runOnlyForDeploymentPostprocessing = 0;
		};
		33494F532AB8BCBC0087C4CD /* Sources */ = {
			isa = PBXSourcesBuildPhase;
			buildActionMask = 2147483647;
			files = (
				33494F5C2AB8BCBC0087C4CD /* ForeFlightExerciseTests.swift in Sources */,
			);
			runOnlyForDeploymentPostprocessing = 0;
		};
		33494F5D2AB8BCBC0087C4CD /* Sources */ = {
			isa = PBXSourcesBuildPhase;
			buildActionMask = 2147483647;
			files = (
				33494F682AB8BCBC0087C4CD /* ForeFlightExerciseUITestsLaunchTests.swift in Sources */,
				33494F662AB8BCBC0087C4CD /* ForeFlightExerciseUITests.swift in Sources */,
			);
			runOnlyForDeploymentPostprocessing = 0;
		};
/* End PBXSourcesBuildPhase section */

/* Begin PBXTargetDependency section */
		33494F592AB8BCBC0087C4CD /* PBXTargetDependency */ = {
			isa = PBXTargetDependency;
			target = 33494F402AB8BCBB0087C4CD /* ForeFlightExercise */;
			targetProxy = 33494F582AB8BCBC0087C4CD /* PBXContainerItemProxy */;
		};
		33494F632AB8BCBC0087C4CD /* PBXTargetDependency */ = {
			isa = PBXTargetDependency;
			target = 33494F402AB8BCBB0087C4CD /* ForeFlightExercise */;
			targetProxy = 33494F622AB8BCBC0087C4CD /* PBXContainerItemProxy */;
		};
/* End PBXTargetDependency section */

/* Begin PBXVariantGroup section */
		33494F4A2AB8BCBB0087C4CD /* Main.storyboard */ = {
			isa = PBXVariantGroup;
			children = (
				33494F4B2AB8BCBB0087C4CD /* Base */,
			);
			name = Main.storyboard;
			sourceTree = "<group>";
		};
		33494F4F2AB8BCBC0087C4CD /* LaunchScreen.storyboard */ = {
			isa = PBXVariantGroup;
			children = (
				33494F502AB8BCBC0087C4CD /* Base */,
			);
			name = LaunchScreen.storyboard;
			sourceTree = "<group>";
		};
/* End PBXVariantGroup section */

/* Begin XCBuildConfiguration section */
		33494F692AB8BCBC0087C4CD /* Debug */ = {
			isa = XCBuildConfiguration;
			buildSettings = {
				ALWAYS_SEARCH_USER_PATHS = NO;
				CLANG_ANALYZER_NONNULL = YES;
				CLANG_ANALYZER_NUMBER_OBJECT_CONVERSION = YES_AGGRESSIVE;
				CLANG_CXX_LANGUAGE_STANDARD = "gnu++20";
				CLANG_ENABLE_MODULES = YES;
				CLANG_ENABLE_OBJC_ARC = YES;
				CLANG_ENABLE_OBJC_WEAK = YES;
				CLANG_WARN_BLOCK_CAPTURE_AUTORELEASING = YES;
				CLANG_WARN_BOOL_CONVERSION = YES;
				CLANG_WARN_COMMA = YES;
				CLANG_WARN_CONSTANT_CONVERSION = YES;
				CLANG_WARN_DEPRECATED_OBJC_IMPLEMENTATIONS = YES;
				CLANG_WARN_DIRECT_OBJC_ISA_USAGE = YES_ERROR;
				CLANG_WARN_DOCUMENTATION_COMMENTS = YES;
				CLANG_WARN_EMPTY_BODY = YES;
				CLANG_WARN_ENUM_CONVERSION = YES;
				CLANG_WARN_INFINITE_RECURSION = YES;
				CLANG_WARN_INT_CONVERSION = YES;
				CLANG_WARN_NON_LITERAL_NULL_CONVERSION = YES;
				CLANG_WARN_OBJC_IMPLICIT_RETAIN_SELF = YES;
				CLANG_WARN_OBJC_LITERAL_CONVERSION = YES;
				CLANG_WARN_OBJC_ROOT_CLASS = YES_ERROR;
				CLANG_WARN_QUOTED_INCLUDE_IN_FRAMEWORK_HEADER = YES;
				CLANG_WARN_RANGE_LOOP_ANALYSIS = YES;
				CLANG_WARN_STRICT_PROTOTYPES = YES;
				CLANG_WARN_SUSPICIOUS_MOVE = YES;
				CLANG_WARN_UNGUARDED_AVAILABILITY = YES_AGGRESSIVE;
				CLANG_WARN_UNREACHABLE_CODE = YES;
				CLANG_WARN__DUPLICATE_METHOD_MATCH = YES;
				COPY_PHASE_STRIP = NO;
				DEBUG_INFORMATION_FORMAT = dwarf;
				ENABLE_STRICT_OBJC_MSGSEND = YES;
				ENABLE_TESTABILITY = YES;
				GCC_C_LANGUAGE_STANDARD = gnu11;
				GCC_DYNAMIC_NO_PIC = NO;
				GCC_NO_COMMON_BLOCKS = YES;
				GCC_OPTIMIZATION_LEVEL = 0;
				GCC_PREPROCESSOR_DEFINITIONS = (
					"DEBUG=1",
					"$(inherited)",
				);
				GCC_WARN_64_TO_32_BIT_CONVERSION = YES;
				GCC_WARN_ABOUT_RETURN_TYPE = YES_ERROR;
				GCC_WARN_UNDECLARED_SELECTOR = YES;
				GCC_WARN_UNINITIALIZED_AUTOS = YES_AGGRESSIVE;
				GCC_WARN_UNUSED_FUNCTION = YES;
				GCC_WARN_UNUSED_VARIABLE = YES;
				IPHONEOS_DEPLOYMENT_TARGET = 16.4;
				MTL_ENABLE_DEBUG_INFO = INCLUDE_SOURCE;
				MTL_FAST_MATH = YES;
				ONLY_ACTIVE_ARCH = YES;
				SDKROOT = iphoneos;
				SWIFT_ACTIVE_COMPILATION_CONDITIONS = DEBUG;
				SWIFT_OPTIMIZATION_LEVEL = "-Onone";
			};
			name = Debug;
		};
		33494F6A2AB8BCBC0087C4CD /* Release */ = {
			isa = XCBuildConfiguration;
			buildSettings = {
				ALWAYS_SEARCH_USER_PATHS = NO;
				CLANG_ANALYZER_NONNULL = YES;
				CLANG_ANALYZER_NUMBER_OBJECT_CONVERSION = YES_AGGRESSIVE;
				CLANG_CXX_LANGUAGE_STANDARD = "gnu++20";
				CLANG_ENABLE_MODULES = YES;
				CLANG_ENABLE_OBJC_ARC = YES;
				CLANG_ENABLE_OBJC_WEAK = YES;
				CLANG_WARN_BLOCK_CAPTURE_AUTORELEASING = YES;
				CLANG_WARN_BOOL_CONVERSION = YES;
				CLANG_WARN_COMMA = YES;
				CLANG_WARN_CONSTANT_CONVERSION = YES;
				CLANG_WARN_DEPRECATED_OBJC_IMPLEMENTATIONS = YES;
				CLANG_WARN_DIRECT_OBJC_ISA_USAGE = YES_ERROR;
				CLANG_WARN_DOCUMENTATION_COMMENTS = YES;
				CLANG_WARN_EMPTY_BODY = YES;
				CLANG_WARN_ENUM_CONVERSION = YES;
				CLANG_WARN_INFINITE_RECURSION = YES;
				CLANG_WARN_INT_CONVERSION = YES;
				CLANG_WARN_NON_LITERAL_NULL_CONVERSION = YES;
				CLANG_WARN_OBJC_IMPLICIT_RETAIN_SELF = YES;
				CLANG_WARN_OBJC_LITERAL_CONVERSION = YES;
				CLANG_WARN_OBJC_ROOT_CLASS = YES_ERROR;
				CLANG_WARN_QUOTED_INCLUDE_IN_FRAMEWORK_HEADER = YES;
				CLANG_WARN_RANGE_LOOP_ANALYSIS = YES;
				CLANG_WARN_STRICT_PROTOTYPES = YES;
				CLANG_WARN_SUSPICIOUS_MOVE = YES;
				CLANG_WARN_UNGUARDED_AVAILABILITY = YES_AGGRESSIVE;
				CLANG_WARN_UNREACHABLE_CODE = YES;
				CLANG_WARN__DUPLICATE_METHOD_MATCH = YES;
				COPY_PHASE_STRIP = NO;
				DEBUG_INFORMATION_FORMAT = "dwarf-with-dsym";
				ENABLE_NS_ASSERTIONS = NO;
				ENABLE_STRICT_OBJC_MSGSEND = YES;
				GCC_C_LANGUAGE_STANDARD = gnu11;
				GCC_NO_COMMON_BLOCKS = YES;
				GCC_WARN_64_TO_32_BIT_CONVERSION = YES;
				GCC_WARN_ABOUT_RETURN_TYPE = YES_ERROR;
				GCC_WARN_UNDECLARED_SELECTOR = YES;
				GCC_WARN_UNINITIALIZED_AUTOS = YES_AGGRESSIVE;
				GCC_WARN_UNUSED_FUNCTION = YES;
				GCC_WARN_UNUSED_VARIABLE = YES;
				IPHONEOS_DEPLOYMENT_TARGET = 16.4;
				MTL_ENABLE_DEBUG_INFO = NO;
				MTL_FAST_MATH = YES;
				SDKROOT = iphoneos;
				SWIFT_COMPILATION_MODE = wholemodule;
				SWIFT_OPTIMIZATION_LEVEL = "-O";
				VALIDATE_PRODUCT = YES;
			};
			name = Release;
		};
		33494F6C2AB8BCBC0087C4CD /* Debug */ = {
			isa = XCBuildConfiguration;
			buildSettings = {
				ASSETCATALOG_COMPILER_APPICON_NAME = AppIcon;
				ASSETCATALOG_COMPILER_GLOBAL_ACCENT_COLOR_NAME = AccentColor;
				CODE_SIGN_STYLE = Automatic;
				CURRENT_PROJECT_VERSION = 1;
				GENERATE_INFOPLIST_FILE = YES;
				INFOPLIST_FILE = ForeFlightExercise/Info.plist;
				INFOPLIST_KEY_UIApplicationSupportsIndirectInputEvents = YES;
				INFOPLIST_KEY_UILaunchStoryboardName = LaunchScreen;
				INFOPLIST_KEY_UIMainStoryboardFile = Main;
				INFOPLIST_KEY_UISupportedInterfaceOrientations_iPad = "UIInterfaceOrientationPortrait UIInterfaceOrientationPortraitUpsideDown UIInterfaceOrientationLandscapeLeft UIInterfaceOrientationLandscapeRight";
				INFOPLIST_KEY_UISupportedInterfaceOrientations_iPhone = "UIInterfaceOrientationPortrait UIInterfaceOrientationLandscapeLeft UIInterfaceOrientationLandscapeRight";
				LD_RUNPATH_SEARCH_PATHS = (
					"$(inherited)",
					"@executable_path/Frameworks",
				);
				MARKETING_VERSION = 1.0;
				PRODUCT_BUNDLE_IDENTIFIER = com.gertler.ForeFlightExercise;
				PRODUCT_NAME = "$(TARGET_NAME)";
				SWIFT_EMIT_LOC_STRINGS = YES;
				SWIFT_VERSION = 5.0;
				TARGETED_DEVICE_FAMILY = "1,2";
			};
			name = Debug;
		};
		33494F6D2AB8BCBC0087C4CD /* Release */ = {
			isa = XCBuildConfiguration;
			buildSettings = {
				ASSETCATALOG_COMPILER_APPICON_NAME = AppIcon;
				ASSETCATALOG_COMPILER_GLOBAL_ACCENT_COLOR_NAME = AccentColor;
				CODE_SIGN_STYLE = Automatic;
				CURRENT_PROJECT_VERSION = 1;
				GENERATE_INFOPLIST_FILE = YES;
				INFOPLIST_FILE = ForeFlightExercise/Info.plist;
				INFOPLIST_KEY_UIApplicationSupportsIndirectInputEvents = YES;
				INFOPLIST_KEY_UILaunchStoryboardName = LaunchScreen;
				INFOPLIST_KEY_UIMainStoryboardFile = Main;
				INFOPLIST_KEY_UISupportedInterfaceOrientations_iPad = "UIInterfaceOrientationPortrait UIInterfaceOrientationPortraitUpsideDown UIInterfaceOrientationLandscapeLeft UIInterfaceOrientationLandscapeRight";
				INFOPLIST_KEY_UISupportedInterfaceOrientations_iPhone = "UIInterfaceOrientationPortrait UIInterfaceOrientationLandscapeLeft UIInterfaceOrientationLandscapeRight";
				LD_RUNPATH_SEARCH_PATHS = (
					"$(inherited)",
					"@executable_path/Frameworks",
				);
				MARKETING_VERSION = 1.0;
				PRODUCT_BUNDLE_IDENTIFIER = com.gertler.ForeFlightExercise;
				PRODUCT_NAME = "$(TARGET_NAME)";
				SWIFT_EMIT_LOC_STRINGS = YES;
				SWIFT_VERSION = 5.0;
				TARGETED_DEVICE_FAMILY = "1,2";
			};
			name = Release;
		};
		33494F6F2AB8BCBC0087C4CD /* Debug */ = {
			isa = XCBuildConfiguration;
			buildSettings = {
				ALWAYS_EMBED_SWIFT_STANDARD_LIBRARIES = YES;
				BUNDLE_LOADER = "$(TEST_HOST)";
				CODE_SIGN_STYLE = Automatic;
				CURRENT_PROJECT_VERSION = 1;
				GENERATE_INFOPLIST_FILE = YES;
				IPHONEOS_DEPLOYMENT_TARGET = 16.4;
				MARKETING_VERSION = 1.0;
				PRODUCT_BUNDLE_IDENTIFIER = com.gertler.ForeFlightExerciseTests;
				PRODUCT_NAME = "$(TARGET_NAME)";
				SWIFT_EMIT_LOC_STRINGS = NO;
				SWIFT_VERSION = 5.0;
				TARGETED_DEVICE_FAMILY = "1,2";
				TEST_HOST = "$(BUILT_PRODUCTS_DIR)/ForeFlightExercise.app/$(BUNDLE_EXECUTABLE_FOLDER_PATH)/ForeFlightExercise";
			};
			name = Debug;
		};
		33494F702AB8BCBC0087C4CD /* Release */ = {
			isa = XCBuildConfiguration;
			buildSettings = {
				ALWAYS_EMBED_SWIFT_STANDARD_LIBRARIES = YES;
				BUNDLE_LOADER = "$(TEST_HOST)";
				CODE_SIGN_STYLE = Automatic;
				CURRENT_PROJECT_VERSION = 1;
				GENERATE_INFOPLIST_FILE = YES;
				IPHONEOS_DEPLOYMENT_TARGET = 16.4;
				MARKETING_VERSION = 1.0;
				PRODUCT_BUNDLE_IDENTIFIER = com.gertler.ForeFlightExerciseTests;
				PRODUCT_NAME = "$(TARGET_NAME)";
				SWIFT_EMIT_LOC_STRINGS = NO;
				SWIFT_VERSION = 5.0;
				TARGETED_DEVICE_FAMILY = "1,2";
				TEST_HOST = "$(BUILT_PRODUCTS_DIR)/ForeFlightExercise.app/$(BUNDLE_EXECUTABLE_FOLDER_PATH)/ForeFlightExercise";
			};
			name = Release;
		};
		33494F722AB8BCBC0087C4CD /* Debug */ = {
			isa = XCBuildConfiguration;
			buildSettings = {
				ALWAYS_EMBED_SWIFT_STANDARD_LIBRARIES = YES;
				CODE_SIGN_STYLE = Automatic;
				CURRENT_PROJECT_VERSION = 1;
				GENERATE_INFOPLIST_FILE = YES;
				MARKETING_VERSION = 1.0;
				PRODUCT_BUNDLE_IDENTIFIER = com.gertler.ForeFlightExerciseUITests;
				PRODUCT_NAME = "$(TARGET_NAME)";
				SWIFT_EMIT_LOC_STRINGS = NO;
				SWIFT_VERSION = 5.0;
				TARGETED_DEVICE_FAMILY = "1,2";
				TEST_TARGET_NAME = ForeFlightExercise;
			};
			name = Debug;
		};
		33494F732AB8BCBC0087C4CD /* Release */ = {
			isa = XCBuildConfiguration;
			buildSettings = {
				ALWAYS_EMBED_SWIFT_STANDARD_LIBRARIES = YES;
				CODE_SIGN_STYLE = Automatic;
				CURRENT_PROJECT_VERSION = 1;
				GENERATE_INFOPLIST_FILE = YES;
				MARKETING_VERSION = 1.0;
				PRODUCT_BUNDLE_IDENTIFIER = com.gertler.ForeFlightExerciseUITests;
				PRODUCT_NAME = "$(TARGET_NAME)";
				SWIFT_EMIT_LOC_STRINGS = NO;
				SWIFT_VERSION = 5.0;
				TARGETED_DEVICE_FAMILY = "1,2";
				TEST_TARGET_NAME = ForeFlightExercise;
			};
			name = Release;
		};
/* End XCBuildConfiguration section */

/* Begin XCConfigurationList section */
		33494F3C2AB8BCBB0087C4CD /* Build configuration list for PBXProject "ForeFlightExercise" */ = {
			isa = XCConfigurationList;
			buildConfigurations = (
				33494F692AB8BCBC0087C4CD /* Debug */,
				33494F6A2AB8BCBC0087C4CD /* Release */,
			);
			defaultConfigurationIsVisible = 0;
			defaultConfigurationName = Release;
		};
		33494F6B2AB8BCBC0087C4CD /* Build configuration list for PBXNativeTarget "ForeFlightExercise" */ = {
			isa = XCConfigurationList;
			buildConfigurations = (
				33494F6C2AB8BCBC0087C4CD /* Debug */,
				33494F6D2AB8BCBC0087C4CD /* Release */,
			);
			defaultConfigurationIsVisible = 0;
			defaultConfigurationName = Release;
		};
		33494F6E2AB8BCBC0087C4CD /* Build configuration list for PBXNativeTarget "ForeFlightExerciseTests" */ = {
			isa = XCConfigurationList;
			buildConfigurations = (
				33494F6F2AB8BCBC0087C4CD /* Debug */,
				33494F702AB8BCBC0087C4CD /* Release */,
			);
			defaultConfigurationIsVisible = 0;
			defaultConfigurationName = Release;
		};
		33494F712AB8BCBC0087C4CD /* Build configuration list for PBXNativeTarget "ForeFlightExerciseUITests" */ = {
			isa = XCConfigurationList;
			buildConfigurations = (
				33494F722AB8BCBC0087C4CD /* Debug */,
				33494F732AB8BCBC0087C4CD /* Release */,
			);
			defaultConfigurationIsVisible = 0;
			defaultConfigurationName = Release;
		};
/* End XCConfigurationList section */
	};
	rootObject = 33494F392AB8BCBB0087C4CD /* Project object */;
}
